version = 1
revision = 3
requires-python = ">=3.11"

[[package]]
name = "colorama"
version = "0.4.6"
source = { registry = "https://pypi.org/simple" }
sdist = { url = "https://files.pythonhosted.org/packages/d8/53/6f443c9a4a8358a93a6792e2acffb9d9d5cb0a5cfd8802644b7b1c9a02e4/colorama-0.4.6.tar.gz", hash = "sha256:08695f5cb7ed6e0531a20572697297273c47b8cae5a63ffc6d6ed5c201be6e44", size = 27697, upload-time = "2022-10-25T02:36:22.414Z" }
wheels = [
    { url = "https://files.pythonhosted.org/packages/d1/d6/3965ed04c63042e047cb6a3e6ed1a63a35087b6a609aa3a15ed8ac56c221/colorama-0.4.6-py2.py3-none-any.whl", hash = "sha256:4f1d9991f5acc0ca119f9d443620b77f9d6b33703e51011c16baf57afb285fc6", size = 25335, upload-time = "2022-10-25T02:36:20.889Z" },
]

[[package]]
name = "iniconfig"
version = "2.3.0"
source = { registry = "https://pypi.org/simple" }
sdist = { url = "https://files.pythonhosted.org/packages/72/34/14ca021ce8e5dfedc35312d08ba8bf51fdd999c576889fc2c24cb97f4f10/iniconfig-2.3.0.tar.gz", hash = "sha256:c76315c77db068650d49c5b56314774a7804df16fee4402c1f19d6d15d8c4730", size = 20503, upload-time = "2025-10-18T21:55:43.219Z" }
wheels = [
    { url = "https://files.pythonhosted.org/packages/cb/b1/3846dd7f199d53cb17f49cba7e651e9ce294d8497c8c150530ed11865bb8/iniconfig-2.3.0-py3-none-any.whl", hash = "sha256:f631c04d2c48c52b84d0d0549c99ff3859c98df65b3101406327ecc7d53fbf12", size = 7484, upload-time = "2025-10-18T21:55:41.639Z" },
]

[[package]]
name = "main"
version = "0.1.0"
source = { editable = "." }
dependencies = [
    { name = "sentencepiece" },
]

[package.dev-dependencies]
dev = [
    { name = "pytest" },
    { name = "ruff" },
]

[package.metadata]
requires-dist = [{ name = "sentencepiece", specifier = ">=0.2.1" }]

[package.metadata.requires-dev]
dev = [
    { name = "pytest", specifier = ">=9.0.2" },
    { name = "ruff", specifier = ">=0.15.5" },
]

[[package]]
name = "packaging"
version = "26.0"
source = { registry = "https://pypi.org/simple" }
sdist = { url = "https://files.pythonhosted.org/packages/65/ee/299d360cdc32edc7d2cf530f3accf79c4fca01e96ffc950d8a52213bd8e4/packaging-26.0.tar.gz", hash = "sha256:00243ae351a257117b6a241061796684b084ed1c516a08c48a3f7e147a9d80b4", size = 143416, upload-time = "2026-01-21T20:50:39.064Z" }
wheels = [
    { url = "https://files.pythonhosted.org/packages/b7/b9/c538f279a4e237a006a2c98387d081e9eb060d203d8ed34467cc0f0b9b53/packaging-26.0-py3-none-any.whl", hash = "sha256:b36f1fef9334a5588b4166f8bcd26a14e521f2b55e6b9de3aaa80d3ff7a37529", size = 74366, upload-time = "2026-01-21T20:50:37.788Z" },
]

[[package]]
name = "pluggy"
version = "1.6.0"
source = { registry = "https://pypi.org/simple" }
sdist = { url = "https://files.pythonhosted.org/packages/f9/e2/3e91f31a7d2b083fe6ef3fa267035b518369d9511ffab804f839851d2779/pluggy-1.6.0.tar.gz", hash = "sha256:7dcc130b76258d33b90f61b658791dede3486c3e6bfb003ee5c9bfb396dd22f3", size = 69412, upload-time = "2025-05-15T12:30:07.975Z" }
wheels = [
    { url = "https://files.pythonhosted.org/packages/54/20/4d324d65cc6d9205fabedc306948156824eb9f0ee1633355a8f7ec5c66bf/pluggy-1.6.0-py3-none-any.whl", hash = "sha256:e920276dd6813095e9377c0bc5566d94c932c33b27a3e3945d8389c374dd4746", size = 20538, upload-time = "2025-05-15T12:30:06.134Z" },
]

[[package]]
name = "pygments"
version = "2.19.2"
source = { registry = "https://pypi.org/simple" }
sdist = { url = "https://files.pythonhosted.org/packages/b0/77/a5b8c569bf593b0140bde72ea885a803b82086995367bf2037de0159d924/pygments-2.19.2.tar.gz", hash = "sha256:636cb2477cec7f8952536970bc533bc43743542f70392ae026374600add5b887", size = 4968631, upload-time = "2025-06-21T13:39:12.283Z" }
wheels = [
    { url = "https://files.pythonhosted.org/packages/c7/21/705964c7812476f378728bdf590ca4b771ec72385c533964653c68e86bdc/pygments-2.19.2-py3-none-any.whl", hash = "sha256:86540386c03d588bb81d44bc3928634ff26449851e99741617ecb9037ee5ec0b", size = 1225217, upload-time = "2025-06-21T13:39:07.939Z" },
]

[[package]]
name = "pytest"
version = "9.0.2"
source = { registry = "https://pypi.org/simple" }
dependencies = [
    { name = "colorama", marker = "sys_platform == 'win32'" },
    { name = "iniconfig" },
    { name = "packaging" },
    { name = "pluggy" },
    { name = "pygments" },
]
sdist = { url = "https://files.pythonhosted.org/packages/d1/db/7ef3487e0fb0049ddb5ce41d3a49c235bf9ad299b6a25d5780a89f19230f/pytest-9.0.2.tar.gz", hash = "sha256:75186651a92bd89611d1d9fc20f0b4345fd827c41ccd5c299a868a05d70edf11", size = 1568901, upload-time = "2025-12-06T21:30:51.014Z" }
wheels = [
    { url = "https://files.pythonhosted.org/packages/3b/ab/b3226f0bd7cdcf710fbede2b3548584366da3b19b5021e74f5bde2a8fa3f/pytest-9.0.2-py3-none-any.whl", hash = "sha256:711ffd45bf766d5264d487b917733b453d917afd2b0ad65223959f59089f875b", size = 374801, upload-time = "2025-12-06T21:30:49.154Z" },
]

[[package]]
name = "ruff"
version = "0.15.5"
source = { registry = "https://pypi.org/simple" }
sdist = { url = "https://files.pythonhosted.org/packages/77/9b/840e0039e65fcf12758adf684d2289024d6140cde9268cc59887dc55189c/ruff-0.15.5.tar.gz", hash = "sha256:7c3601d3b6d76dce18c5c824fc8d06f4eef33d6df0c21ec7799510cde0f159a2", size = 4574214, upload-time = "2026-03-05T20:06:34.946Z" }
wheels = [
    { url = "https://files.pythonhosted.org/packages/47/20/5369c3ce21588c708bcbe517a8fbe1a8dfdb5dfd5137e14790b1da71612c/ruff-0.15.5-py3-none-linux_armv6l.whl", hash = "sha256:4ae44c42281f42e3b06b988e442d344a5b9b72450ff3c892e30d11b29a96a57c", size = 10478185, upload-time = "2026-03-05T20:06:29.093Z" },
    { url = "https://files.pythonhosted.org/packages/44/ed/e81dd668547da281e5dce710cf0bc60193f8d3d43833e8241d006720e42b/ruff-0.15.5-py3-none-macosx_10_12_x86_64.whl", hash = "sha256:6edd3792d408ebcf61adabc01822da687579a1a023f297618ac27a5b51ef0080", size = 10859201, upload-time = "2026-03-05T20:06:32.632Z" },
    { url = "https://files.pythonhosted.org/packages/c4/8f/533075f00aaf19b07c5cd6aa6e5d89424b06b3b3f4583bfa9c640a079059/ruff-0.15.5-py3-none-macosx_11_0_arm64.whl", hash = "sha256:89f463f7c8205a9f8dea9d658d59eff49db05f88f89cc3047fb1a02d9f344010", size = 10184752, upload-time = "2026-03-05T20:06:40.312Z" },
    { url = "https://files.pythonhosted.org/packages/66/0e/ba49e2c3fa0395b3152bad634c7432f7edfc509c133b8f4529053ff024fb/ruff-0.15.5-py3-none-manylinux_2_17_aarch64.manylinux2014_aarch64.whl", hash = "sha256:ba786a8295c6574c1116704cf0b9e6563de3432ac888d8f83685654fe528fd65", size = 10534857, upload-time = "2026-03-05T20:06:19.581Z" },
    { url = "https://files.pythonhosted.org/packages/59/71/39234440f27a226475a0659561adb0d784b4d247dfe7f43ffc12dd02e288/ruff-0.15.5-py3-none-manylinux_2_17_armv7l.manylinux2014_armv7l.whl", hash = "sha256:fd4b801e57955fe9f02b31d20375ab3a5c4415f2e5105b79fb94cf2642c91440", size = 10309120, upload-time = "2026-03-05T20:06:00.435Z" },
    { url = "https://files.pythonhosted.org/packages/f5/87/4140aa86a93df032156982b726f4952aaec4a883bb98cb6ef73c347da253/ruff-0.15.5-py3-none-manylinux_2_17_i686.manylinux2014_i686.whl", hash = "sha256:391f7c73388f3d8c11b794dbbc2959a5b5afe66642c142a6effa90b45f6f5204", size = 11047428, upload-time = "2026-03-05T20:05:51.867Z" },
    { url = "https://files.pythonhosted.org/packages/5a/f7/4953e7e3287676f78fbe85e3a0ca414c5ca81237b7575bdadc00229ac240/ruff-0.15.5-py3-none-manylinux_2_17_ppc64le.manylinux2014_ppc64le.whl", hash = "sha256:8dc18f30302e379fe1e998548b0f5e9f4dff907f52f73ad6da419ea9c19d66c8", size = 11914251, upload-time = "2026-03-05T20:06:22.887Z" },
    { url = "https://files.pythonhosted.org/packages/77/46/0f7c865c10cf896ccf5a939c3e84e1cfaeed608ff5249584799a74d33835/ruff-0.15.5-py3-none-manylinux_2_17_s390x.manylinux2014_s390x.whl", hash = "sha256:1cc6e7f90087e2d27f98dc34ed1b3ab7c8f0d273cc5431415454e22c0bd2a681", size = 11333801, upload-time = "2026-03-05T20:05:57.168Z" },
    { url = "https://files.pythonhosted.org/packages/d3/01/a10fe54b653061585e655f5286c2662ebddb68831ed3eaebfb0eb08c0a16/ruff-0.15.5-py3-none-manylinux_2_17_x86_64.manylinux2014_x86_64.whl", hash = "sha256:c1cb7169f53c1ddb06e71a9aebd7e98fc0fea936b39afb36d8e86d36ecc2636a", size = 11206821, upload-time = "2026-03-05T20:06:03.441Z" },
    { url = "https://files.pythonhosted.org/packages/7a/0d/2132ceaf20c5e8699aa83da2706ecb5c5dcdf78b453f77edca7fb70f8a93/ruff-0.15.5-py3-none-manylinux_2_31_riscv64.whl", hash = "sha256:9b037924500a31ee17389b5c8c4d88874cc6ea8e42f12e9c61a3d754ff72f1ca", size = 11133326, upload-time = "2026-03-05T20:06:25.655Z" },
    { url = "https://files.pythonhosted.org/packages/72/cb/2e5259a7eb2a0f87c08c0fe5bf5825a1e4b90883a52685524596bfc93072/ruff-0.15.5-py3-none-musllinux_1_2_aarch64.whl", hash = "sha256:65bb414e5b4eadd95a8c1e4804f6772bbe8995889f203a01f77ddf2d790929dd", size = 10510820, upload-time = "2026-03-05T20:06:37.79Z" },
    { url = "https://files.pythonhosted.org/packages/ff/20/b67ce78f9e6c59ffbdb5b4503d0090e749b5f2d31b599b554698a80d861c/ruff-0.15.5-py3-none-musllinux_1_2_armv7l.whl", hash = "sha256:d20aa469ae3b57033519c559e9bc9cd9e782842e39be05b50e852c7c981fa01d", size = 10302395, upload-time = "2026-03-05T20:05:54.504Z" },
    { url = "https://files.pythonhosted.org/packages/5f/e5/719f1acccd31b720d477751558ed74e9c88134adcc377e5e886af89d3072/ruff-0.15.5-py3-none-musllinux_1_2_i686.whl", hash = "sha256:15388dd28c9161cdb8eda68993533acc870aa4e646a0a277aa166de9ad5a8752", size = 10754069, upload-time = "2026-03-05T20:06:06.422Z" },
    { url = "https://files.pythonhosted.org/packages/c3/9c/d1db14469e32d98f3ca27079dbd30b7b44dbb5317d06ab36718dee3baf03/ruff-0.15.5-py3-none-musllinux_1_2_x86_64.whl", hash = "sha256:b30da330cbd03bed0c21420b6b953158f60c74c54c5f4c1dabbdf3a57bf355d2", size = 11304315, upload-time = "2026-03-05T20:06:10.867Z" },
    { url = "https://files.pythonhosted.org/packages/28/3a/950367aee7c69027f4f422059227b290ed780366b6aecee5de5039d50fa8/ruff-0.15.5-py3-none-win32.whl", hash = "sha256:732e5ee1f98ba5b3679029989a06ca39a950cced52143a0ea82a2102cb592b74", size = 10551676, upload-time = "2026-03-05T20:06:13.705Z" },
    { url = "https://files.pythonhosted.org/packages/b8/00/bf077a505b4e649bdd3c47ff8ec967735ce2544c8e4a43aba42ee9bf935d/ruff-0.15.5-py3-none-win_amd64.whl", hash = "sha256:821d41c5fa9e19117616c35eaa3f4b75046ec76c65e7ae20a333e9a8696bc7fe", size = 11678972, upload-time = "2026-03-05T20:06:45.379Z" },
    { url = "https://files.pythonhosted.org/packages/fe/4e/cd76eca6db6115604b7626668e891c9dd03330384082e33662fb0f113614/ruff-0.15.5-py3-none-win_arm64.whl", hash = "sha256:b498d1c60d2fe5c10c45ec3f698901065772730b411f164ae270bb6bfcc4740b", size = 10965572, upload-time = "2026-03-05T20:06:16.984Z" },
]

[[package]]
name = "sentencepiece"
version = "0.2.1"
source = { registry = "https://pypi.org/simple" }
sdist = { url = "https://files.pythonhosted.org/packages/15/15/2e7a025fc62d764b151ae6d0f2a92f8081755ebe8d4a64099accc6f77ba6/sentencepiece-0.2.1.tar.gz", hash = "sha256:8138cec27c2f2282f4a34d9a016e3374cd40e5c6e9cb335063db66a0a3b71fad", size = 3228515, upload-time = "2025-08-12T07:00:51.718Z" }
wheels = [
    { url = "https://files.pythonhosted.org/packages/d8/15/46afbab00733d81788b64be430ca1b93011bb9388527958e26cc31832de5/sentencepiece-0.2.1-cp311-cp311-macosx_10_9_universal2.whl", hash = "sha256:6356d0986b8b8dc351b943150fcd81a1c6e6e4d439772e8584c64230e58ca987", size = 1942560, upload-time = "2025-08-12T06:59:25.82Z" },
    { url = "https://files.pythonhosted.org/packages/fa/79/7c01b8ef98a0567e9d84a4e7a910f8e7074fcbf398a5cd76f93f4b9316f9/sentencepiece-0.2.1-cp311-cp311-macosx_10_9_x86_64.whl", hash = "sha256:8f8ba89a3acb3dc1ae90f65ec1894b0b9596fdb98ab003ff38e058f898b39bc7", size = 1325385, upload-time = "2025-08-12T06:59:27.722Z" },
    { url = "https://files.pythonhosted.org/packages/bb/88/2b41e07bd24f33dcf2f18ec3b74247aa4af3526bad8907b8727ea3caba03/sentencepiece-0.2.1-cp311-cp311-macosx_11_0_arm64.whl", hash = "sha256:02593eca45440ef39247cee8c47322a34bdcc1d8ae83ad28ba5a899a2cf8d79a", size = 1253319, upload-time = "2025-08-12T06:59:29.306Z" },
    { url = "https://files.pythonhosted.org/packages/a0/54/38a1af0c6210a3c6f95aa46d23d6640636d020fba7135cd0d9a84ada05a7/sentencepiece-0.2.1-cp311-cp311-manylinux_2_27_aarch64.manylinux_2_28_aarch64.whl", hash = "sha256:0a0d15781a171d188b661ae4bde1d998c303f6bd8621498c50c671bd45a4798e", size = 1316162, upload-time = "2025-08-12T06:59:30.914Z" },
    { url = "https://files.pythonhosted.org/packages/ef/66/fb191403ade791ad2c3c1e72fe8413e63781b08cfa3aa4c9dfc536d6e795/sentencepiece-0.2.1-cp311-cp311-manylinux_2_27_x86_64.manylinux_2_28_x86_64.whl", hash = "sha256:4f5a3e0d9f445ed9d66c0fec47d4b23d12cfc858b407a03c194c1b26c2ac2a63", size = 1387785, upload-time = "2025-08-12T06:59:32.491Z" },
    { url = "https://files.pythonhosted.org/packages/a9/2d/3bd9b08e70067b2124518b308db6a84a4f8901cc8a4317e2e4288cdd9b4d/sentencepiece-0.2.1-cp311-cp311-win32.whl", hash = "sha256:6d297a1748d429ba8534eebe5535448d78b8acc32d00a29b49acf28102eeb094", size = 999555, upload-time = "2025-08-12T06:59:34.475Z" },
    { url = "https://files.pythonhosted.org/packages/32/b8/f709977f5fda195ae1ea24f24e7c581163b6f142b1005bc3d0bbfe4d7082/sentencepiece-0.2.1-cp311-cp311-win_amd64.whl", hash = "sha256:82d9ead6591015f009cb1be1cb1c015d5e6f04046dbb8c9588b931e869a29728", size = 1054617, upload-time = "2025-08-12T06:59:36.461Z" },
    { url = "https://files.pythonhosted.org/packages/7a/40/a1fc23be23067da0f703709797b464e8a30a1c78cc8a687120cd58d4d509/sentencepiece-0.2.1-cp311-cp311-win_arm64.whl", hash = "sha256:39f8651bd10974eafb9834ce30d9bcf5b73e1fc798a7f7d2528f9820ca86e119", size = 1033877, upload-time = "2025-08-12T06:59:38.391Z" },
    { url = "https://files.pythonhosted.org/packages/4a/be/32ce495aa1d0e0c323dcb1ba87096037358edee539cac5baf8755a6bd396/sentencepiece-0.2.1-cp312-cp312-macosx_10_13_universal2.whl", hash = "sha256:57cae326c8727de58c85977b175af132a7138d84c764635d7e71bbee7e774133", size = 1943152, upload-time = "2025-08-12T06:59:40.048Z" },
    { url = "https://files.pythonhosted.org/packages/88/7e/ff23008899a58678e98c6ff592bf4d368eee5a71af96d0df6b38a039dd4f/sentencepiece-0.2.1-cp312-cp312-macosx_10_13_x86_64.whl", hash = "sha256:56dd39a3c4d6493db3cdca7e8cc68c6b633f0d4195495cbadfcf5af8a22d05a6", size = 1325651, upload-time = "2025-08-12T06:59:41.536Z" },
    { url = "https://files.pythonhosted.org/packages/19/84/42eb3ce4796777a1b5d3699dfd4dca85113e68b637f194a6c8d786f16a04/sentencepiece-0.2.1-cp312-cp312-macosx_11_0_arm64.whl", hash = "sha256:d9381351182ff9888cc80e41c632e7e274b106f450de33d67a9e8f6043da6f76", size = 1253645, upload-time = "2025-08-12T06:59:42.903Z" },
    { url = "https://files.pythonhosted.org/packages/89/fa/d3d5ebcba3cb9e6d3775a096251860c41a6bc53a1b9461151df83fe93255/sentencepiece-0.2.1-cp312-cp312-manylinux_2_27_aarch64.manylinux_2_28_aarch64.whl", hash = "sha256:99f955df238021bf11f0fc37cdb54fd5e5b5f7fd30ecc3d93fb48b6815437167", size = 1316273, upload-time = "2025-08-12T06:59:44.476Z" },
    { url = "https://files.pythonhosted.org/packages/04/88/14f2f4a2b922d8b39be45bf63d79e6cd3a9b2f248b2fcb98a69b12af12f5/sentencepiece-0.2.1-cp312-cp312-manylinux_2_27_x86_64.manylinux_2_28_x86_64.whl", hash = "sha256:0cdfecef430d985f1c2bcbfff3defd1d95dae876fbd0173376012d2d7d24044b", size = 1387881, upload-time = "2025-08-12T06:59:46.09Z" },
    { url = "https://files.pythonhosted.org/packages/fd/b8/903e5ccb77b4ef140605d5d71b4f9e0ad95d456d6184688073ed11712809/sentencepiece-0.2.1-cp312-cp312-win32.whl", hash = "sha256:a483fd29a34c3e34c39ac5556b0a90942bec253d260235729e50976f5dba1068", size = 999540, upload-time = "2025-08-12T06:59:48.023Z" },
    { url = "https://files.pythonhosted.org/packages/2d/81/92df5673c067148c2545b1bfe49adfd775bcc3a169a047f5a0e6575ddaca/sentencepiece-0.2.1-cp312-cp312-win_amd64.whl", hash = "sha256:4cdc7c36234fda305e85c32949c5211faaf8dd886096c7cea289ddc12a2d02de", size = 1054671, upload-time = "2025-08-12T06:59:49.895Z" },
    { url = "https://files.pythonhosted.org/packages/fe/02/c5e3bc518655d714622bec87d83db9cdba1cd0619a4a04e2109751c4f47f/sentencepiece-0.2.1-cp312-cp312-win_arm64.whl", hash = "sha256:daeb5e9e9fcad012324807856113708614d534f596d5008638eb9b40112cd9e4", size = 1033923, upload-time = "2025-08-12T06:59:51.952Z" },
    { url = "https://files.pythonhosted.org/packages/ba/4a/85fbe1706d4d04a7e826b53f327c4b80f849cf1c7b7c5e31a20a97d8f28b/sentencepiece-0.2.1-cp313-cp313-macosx_10_13_universal2.whl", hash = "sha256:dcd8161eee7b41aae57ded06272905dbd680a0a04b91edd0f64790c796b2f706", size = 1943150, upload-time = "2025-08-12T06:59:53.588Z" },
    { url = "https://files.pythonhosted.org/packages/c2/83/4cfb393e287509fc2155480b9d184706ef8d9fa8cbf5505d02a5792bf220/sentencepiece-0.2.1-cp313-cp313-macosx_10_13_x86_64.whl", hash = "sha256:c6c8f42949f419ff8c7e9960dbadcfbc982d7b5efc2f6748210d3dd53a7de062", size = 1325651, upload-time = "2025-08-12T06:59:55.073Z" },
    { url = "https://files.pythonhosted.org/packages/8d/de/5a007fb53b1ab0aafc69d11a5a3dd72a289d5a3e78dcf2c3a3d9b14ffe93/sentencepiece-0.2.1-cp313-cp313-macosx_11_0_arm64.whl", hash = "sha256:097f3394e99456e9e4efba1737c3749d7e23563dd1588ce71a3d007f25475fff", size = 1253641, upload-time = "2025-08-12T06:59:56.562Z" },
    { url = "https://files.pythonhosted.org/packages/2c/d2/f552be5928105588f4f4d66ee37dd4c61460d8097e62d0e2e0eec41bc61d/sentencepiece-0.2.1-cp313-cp313-manylinux_2_27_aarch64.manylinux_2_28_aarch64.whl", hash = "sha256:d7b670879c370d350557edabadbad1f6561a9e6968126e6debca4029e5547820", size = 1316271, upload-time = "2025-08-12T06:59:58.109Z" },
    { url = "https://files.pythonhosted.org/packages/96/df/0cfe748ace5485be740fed9476dee7877f109da32ed0d280312c94ec259f/sentencepiece-0.2.1-cp313-cp313-manylinux_2_27_x86_64.manylinux_2_28_x86_64.whl", hash = "sha256:c7f0fd2f2693309e6628aeeb2e2faf6edd221134dfccac3308ca0de01f8dab47", size = 1387882, upload-time = "2025-08-12T07:00:00.701Z" },
    { url = "https://files.pythonhosted.org/packages/ac/dd/f7774d42a881ced8e1739f393ab1e82ece39fc9abd4779e28050c2e975b5/sentencepiece-0.2.1-cp313-cp313-win32.whl", hash = "sha256:92b3816aa2339355fda2c8c4e021a5de92180b00aaccaf5e2808972e77a4b22f", size = 999541, upload-time = "2025-08-12T07:00:02.709Z" },
    { url = "https://files.pythonhosted.org/packages/dd/e9/932b9eae6fd7019548321eee1ab8d5e3b3d1294df9d9a0c9ac517c7b636d/sentencepiece-0.2.1-cp313-cp313-win_amd64.whl", hash = "sha256:10ed3dab2044c47f7a2e7b4969b0c430420cdd45735d78c8f853191fa0e3148b", size = 1054669, upload-time = "2025-08-12T07:00:04.915Z" },
    { url = "https://files.pythonhosted.org/packages/c9/3a/76488a00ea7d6931689cda28726a1447d66bf1a4837943489314593d5596/sentencepiece-0.2.1-cp313-cp313-win_arm64.whl", hash = "sha256:ac650534e2251083c5f75dde4ff28896ce7c8904133dc8fef42780f4d5588fcd", size = 1033922, upload-time = "2025-08-12T07:00:06.496Z" },
    { url = "https://files.pythonhosted.org/packages/4a/b6/08fe2ce819e02ccb0296f4843e3f195764ce9829cbda61b7513f29b95718/sentencepiece-0.2.1-cp313-cp313t-macosx_10_13_universal2.whl", hash = "sha256:8dd4b477a7b069648d19363aad0cab9bad2f4e83b2d179be668efa672500dc94", size = 1946052, upload-time = "2025-08-12T07:00:08.136Z" },
    { url = "https://files.pythonhosted.org/packages/ab/d9/1ea0e740591ff4c6fc2b6eb1d7510d02f3fb885093f19b2f3abd1363b402/sentencepiece-0.2.1-cp313-cp313t-macosx_10_13_x86_64.whl", hash = "sha256:0c0f672da370cc490e4c59d89e12289778310a0e71d176c541e4834759e1ae07", size = 1327408, upload-time = "2025-08-12T07:00:09.572Z" },
    { url = "https://files.pythonhosted.org/packages/99/7e/1fb26e8a21613f6200e1ab88824d5d203714162cf2883248b517deb500b7/sentencepiece-0.2.1-cp313-cp313t-macosx_11_0_arm64.whl", hash = "sha256:ad8493bea8432dae8d6830365352350f3b4144415a1d09c4c8cb8d30cf3b6c3c", size = 1254857, upload-time = "2025-08-12T07:00:11.021Z" },
    { url = "https://files.pythonhosted.org/packages/bc/85/c72fd1f3c7a6010544d6ae07f8ddb38b5e2a7e33bd4318f87266c0bbafbf/sentencepiece-0.2.1-cp313-cp313t-manylinux_2_27_aarch64.manylinux_2_28_aarch64.whl", hash = "sha256:b81a24733726e3678d2db63619acc5a8dccd074f7aa7a54ecd5ca33ca6d2d596", size = 1315722, upload-time = "2025-08-12T07:00:12.989Z" },
    { url = "https://files.pythonhosted.org/packages/4a/e8/661e5bd82a8aa641fd6c1020bd0e890ef73230a2b7215ddf9c8cd8e941c2/sentencepiece-0.2.1-cp313-cp313t-manylinux_2_27_x86_64.manylinux_2_28_x86_64.whl", hash = "sha256:0a81799d0a68d618e89063fb423c3001a034c893069135ffe51fee439ae474d6", size = 1387452, upload-time = "2025-08-12T07:00:15.088Z" },
    { url = "https://files.pythonhosted.org/packages/99/5e/ae66c361023a470afcbc1fbb8da722c72ea678a2fcd9a18f1a12598c7501/sentencepiece-0.2.1-cp313-cp313t-win32.whl", hash = "sha256:89a3ea015517c42c0341d0d962f3e6aaf2cf10d71b1932d475c44ba48d00aa2b", size = 1002501, upload-time = "2025-08-12T07:00:16.966Z" },
    { url = "https://files.pythonhosted.org/packages/c1/03/d332828c4ff764e16c1b56c2c8f9a33488bbe796b53fb6b9c4205ddbf167/sentencepiece-0.2.1-cp313-cp313t-win_amd64.whl", hash = "sha256:33f068c9382dc2e7c228eedfd8163b52baa86bb92f50d0488bf2b7da7032e484", size = 1057555, upload-time = "2025-08-12T07:00:18.573Z" },
    { url = "https://files.pythonhosted.org/packages/88/14/5aee0bf0864df9bd82bd59e7711362908e4935e3f9cdc1f57246b5d5c9b9/sentencepiece-0.2.1-cp313-cp313t-win_arm64.whl", hash = "sha256:b3616ad246f360e52c85781e47682d31abfb6554c779e42b65333d4b5f44ecc0", size = 1036042, upload-time = "2025-08-12T07:00:20.209Z" },
    { url = "https://files.pythonhosted.org/packages/24/9c/89eb8b2052f720a612478baf11c8227dcf1dc28cd4ea4c0c19506b5af2a2/sentencepiece-0.2.1-cp314-cp314-macosx_10_13_universal2.whl", hash = "sha256:5d0350b686c320068702116276cfb26c066dc7e65cfef173980b11bb4d606719", size = 1943147, upload-time = "2025-08-12T07:00:21.809Z" },
    { url = "https://files.pythonhosted.org/packages/82/0b/a1432bc87f97c2ace36386ca23e8bd3b91fb40581b5e6148d24b24186419/sentencepiece-0.2.1-cp314-cp314-macosx_10_13_x86_64.whl", hash = "sha256:c7f54a31cde6fa5cb030370566f68152a742f433f8d2be458463d06c208aef33", size = 1325624, upload-time = "2025-08-12T07:00:23.289Z" },
    { url = "https://files.pythonhosted.org/packages/ea/99/bbe054ebb5a5039457c590e0a4156ed073fb0fe9ce4f7523404dd5b37463/sentencepiece-0.2.1-cp314-cp314-macosx_11_0_arm64.whl", hash = "sha256:c83b85ab2d6576607f31df77ff86f28182be4a8de6d175d2c33ca609925f5da1", size = 1253670, upload-time = "2025-08-12T07:00:24.69Z" },
    { url = "https://files.pythonhosted.org/packages/19/ad/d5c7075f701bd97971d7c2ac2904f227566f51ef0838dfbdfdccb58cd212/sentencepiece-0.2.1-cp314-cp314-manylinux_2_27_aarch64.manylinux_2_28_aarch64.whl", hash = "sha256:1855f57db07b51fb51ed6c9c452f570624d2b169b36f0f79ef71a6e6c618cd8b", size = 1316247, upload-time = "2025-08-12T07:00:26.435Z" },
    { url = "https://files.pythonhosted.org/packages/fb/03/35fbe5f3d9a7435eebd0b473e09584bd3cc354ce118b960445b060d33781/sentencepiece-0.2.1-cp314-cp314-manylinux_2_27_x86_64.manylinux_2_28_x86_64.whl", hash = "sha256:01e6912125cb45d3792f530a4d38f8e21bf884d6b4d4ade1b2de5cf7a8d2a52b", size = 1387894, upload-time = "2025-08-12T07:00:28.339Z" },
    { url = "https://files.pythonhosted.org/packages/dc/aa/956ef729aafb6c8f9c443104c9636489093bb5c61d6b90fc27aa1a865574/sentencepiece-0.2.1-cp314-cp314-win32.whl", hash = "sha256:c415c9de1447e0a74ae3fdb2e52f967cb544113a3a5ce3a194df185cbc1f962f", size = 1096698, upload-time = "2025-08-12T07:00:29.764Z" },
    { url = "https://files.pythonhosted.org/packages/b8/cb/fe400d8836952cc535c81a0ce47dc6875160e5fedb71d2d9ff0e9894c2a6/sentencepiece-0.2.1-cp314-cp314-win_amd64.whl", hash = "sha256:881b2e44b14fc19feade3cbed314be37de639fc415375cefaa5bc81a4be137fd", size = 1155115, upload-time = "2025-08-12T07:00:32.865Z" },
    { url = "https://files.pythonhosted.org/packages/32/89/047921cf70f36c7b6b6390876b2399b3633ab73b8d0cb857e5a964238941/sentencepiece-0.2.1-cp314-cp314-win_arm64.whl", hash = "sha256:2005242a16d2dc3ac5fe18aa7667549134d37854823df4c4db244752453b78a8", size = 1133890, upload-time = "2025-08-12T07:00:34.763Z" },
    { url = "https://files.pythonhosted.org/packages/a1/11/5b414b9fae6255b5fb1e22e2ed3dc3a72d3a694e5703910e640ac78346bb/sentencepiece-0.2.1-cp314-cp314t-macosx_10_13_universal2.whl", hash = "sha256:a19adcec27c524cb7069a1c741060add95f942d1cbf7ad0d104dffa0a7d28a2b", size = 1946081, upload-time = "2025-08-12T07:00:36.97Z" },
    { url = "https://files.pythonhosted.org/packages/77/eb/7a5682bb25824db8545f8e5662e7f3e32d72a508fdce086029d89695106b/sentencepiece-0.2.1-cp314-cp314t-macosx_10_13_x86_64.whl", hash = "sha256:e37e4b4c4a11662b5db521def4e44d4d30ae69a1743241412a93ae40fdcab4bb", size = 1327406, upload-time = "2025-08-12T07:00:38.669Z" },
    { url = "https://files.pythonhosted.org/packages/03/b0/811dae8fb9f2784e138785d481469788f2e0d0c109c5737372454415f55f/sentencepiece-0.2.1-cp314-cp314t-macosx_11_0_arm64.whl", hash = "sha256:477c81505db072b3ab627e7eab972ea1025331bd3a92bacbf798df2b75ea86ec", size = 1254846, upload-time = "2025-08-12T07:00:40.611Z" },
    { url = "https://files.pythonhosted.org/packages/ef/23/195b2e7ec85ebb6a547969f60b723c7aca5a75800ece6cc3f41da872d14e/sentencepiece-0.2.1-cp314-cp314t-manylinux_2_27_aarch64.manylinux_2_28_aarch64.whl", hash = "sha256:010f025a544ef770bb395091d57cb94deb9652d8972e0d09f71d85d5a0816c8c", size = 1315721, upload-time = "2025-08-12T07:00:42.914Z" },
    { url = "https://files.pythonhosted.org/packages/7e/aa/553dbe4178b5f23eb28e59393dddd64186178b56b81d9b8d5c3ff1c28395/sentencepiece-0.2.1-cp314-cp314t-manylinux_2_27_x86_64.manylinux_2_28_x86_64.whl", hash = "sha256:733e59ff1794d26db706cd41fc2d7ca5f6c64a820709cb801dc0ea31780d64ab", size = 1387458, upload-time = "2025-08-12T07:00:44.56Z" },
    { url = "https://files.pythonhosted.org/packages/66/7c/08ff0012507297a4dd74a5420fdc0eb9e3e80f4e88cab1538d7f28db303d/sentencepiece-0.2.1-cp314-cp314t-win32.whl", hash = "sha256:d3233770f78e637dc8b1fda2cd7c3b99ec77e7505041934188a4e7fe751de3b0", size = 1099765, upload-time = "2025-08-12T07:00:46.058Z" },
    { url = "https://files.pythonhosted.org/packages/91/d5/2a69e1ce15881beb9ddfc7e3f998322f5cedcd5e4d244cb74dade9441663/sentencepiece-0.2.1-cp314-cp314t-win_amd64.whl", hash = "sha256:5e4366c97b68218fd30ea72d70c525e6e78a6c0a88650f57ac4c43c63b234a9d", size = 1157807, upload-time = "2025-08-12T07:00:47.673Z" },
    { url = "https://files.pythonhosted.org/packages/f3/16/54f611fcfc2d1c46cbe3ec4169780b2cfa7cf63708ef2b71611136db7513/sentencepiece-0.2.1-cp314-cp314t-win_arm64.whl", hash = "sha256:105e36e75cbac1292642045458e8da677b2342dcd33df503e640f0b457cb6751", size = 1136264, upload-time = "2025-08-12T07:00:49.485Z" },
]
